
Microsoft Visual Studio Solution File, Format Version 12.00
# Visual Studio Version 17
VisualStudioVersion = 17.14.36414.22
MinimumVisualStudioVersion = 10.0.40219.1
Project("{FAE04EC0-301F-11D3-BF4B-00C04F79EFBC}") = "RazorTemplate", "RazorTemplate\RazorTemplate.csproj", "{2D9CA849-B8DB-4F70-9D23-916343AE3598}"
EndProject
Project("{FAE04EC0-301F-11D3-BF4B-00C04F79EFBC}") = "TimeMangement", "TimeMangement\TimeMangement.csproj", "{ECA29CFF-6A20-43A1-B935-E4BF3B28B582}"
EndProject
Project("{E53339B2-1760-4266-BCC7-CA923CBCF16C}") = "docker-compose", "docker-compose.dcproj", "{81DDED9D-158B-E303-5F62-77A2896D2A5A}"
EndProject
Global
	GlobalSection(SolutionConfigurationPlatforms) = preSolution
		Debug|Any CPU = Debug|Any CPU
		Release|Any CPU = Release|Any CPU
	EndGlobalSection
	GlobalSection(ProjectConfigurationPlatforms) = postSolution
		{2D9CA849-B8DB-4F70-9D23-916343AE3598}.Debug|Any CPU.ActiveCfg = Debug|Any CPU
		{2D9CA849-B8DB-4F70-9D23-916343AE3598}.Debug|Any CPU.Build.0 = Debug|Any CPU
		{2D9CA849-B8DB-4F70-9D23-916343AE3598}.Release|Any CPU.ActiveCfg = Release|Any CPU
		{2D9CA849-B8DB-4F70-9D23-916343AE3598}.Release|Any CPU.Build.0 = Release|Any CPU
		{ECA29CFF-6A20-43A1-B935-E4BF3B28B582}.Debug|Any CPU.ActiveCfg = Debug|Any CPU
		{ECA29CFF-6A20-43A1-B935-E4BF3B28B582}.Debug|Any CPU.Build.0 = Debug|Any CPU
		{ECA29CFF-6A20-43A1-B935-E4BF3B28B582}.Release|Any CPU.ActiveCfg = Release|Any CPU
		{ECA29CFF-6A20-43A1-B935-E4BF3B28B582}.Release|Any CPU.Build.0 = Release|Any CPU
		{81DDED9D-158B-E303-5F62-77A2896D2A5A}.Debug|Any CPU.ActiveCfg = Debug|Any CPU
		{81DDED9D-158B-E303-5F62-77A2896D2A5A}.Debug|Any CPU.Build.0 = Debug|Any CPU
		{81DDED9D-158B-E303-5F62-77A2896D2A5A}.Release|Any CPU.ActiveCfg = Release|Any CPU
		{81DDED9D-158B-E303-5F62-77A2896D2A5A}.Release|Any CPU.Build.0 = Release|Any CPU
	EndGlobalSection
	GlobalSection(SolutionProperties) = preSolution
		HideSolutionNode = FALSE
	EndGlobalSection
	GlobalSection(ExtensibilityGlobals) = postSolution
		SolutionGuid = {134CAFD4-B8EF-45B8-816D-6B190152DCB9}
	EndGlobalSection
EndGlobal
